{
    "version": 3,
    "terraform_version": "0.11.3",
    "serial": 17,
    "lineage": "e221c583-429e-44ef-9b0e-37b564699808",
    "modules": [
        {
            "path": [
                "root"
            ],
            "outputs": {
                "Bucket Name": {
                    "sensitive": false,
                    "type": "string",
                    "value": "mykdjasldkasj-kjdasdhakjssss333"
                },
                "Public Instance IDs": {
                    "sensitive": false,
                    "type": "string",
                    "value": "i-0f6e3b49e85f5b32b, i-0f0dc049d38694aec, i-06e278b0734731a15"
                },
                "Public Instance IPs": {
                    "sensitive": false,
                    "type": "string",
                    "value": "54.236.62.121, 54.157.49.7, 34.201.119.178"
                },
                "Public Security Group": {
                    "sensitive": false,
                    "type": "string",
                    "value": "sg-0618d1bdced001c8d"
                },
                "Public Subnets": {
                    "sensitive": false,
                    "type": "string",
                    "value": "subnet-093bfc7dc2b8ccc87, subnet-0fa34fadc9876526b, subnet-0c5b2c1eb15eff6cd"
                },
                "Subnet IPs": {
                    "sensitive": false,
                    "type": "string",
                    "value": "10.33.1.0/24, 10.33.2.0/24, 10.33.3.0/24"
                }
            },
            "resources": {},
            "depends_on": []
        },
        {
            "path": [
                "root",
                "compute"
            ],
            "outputs": {
                "server_id": {
                    "sensitive": false,
                    "type": "string",
                    "value": "i-0f6e3b49e85f5b32b, i-0f0dc049d38694aec, i-06e278b0734731a15"
                },
                "server_ip": {
                    "sensitive": false,
                    "type": "string",
                    "value": "54.236.62.121, 54.157.49.7, 34.201.119.178"
                }
            },
            "resources": {
                "aws_instance.tf_server.0": {
                    "type": "aws_instance",
                    "depends_on": [
                        "aws_key_pair.tf_auth",
                        "data.aws_ami.server_ami",
                        "data.template_file.user-init.*"
                    ],
                    "primary": {
                        "id": "i-0f6e3b49e85f5b32b",
                        "attributes": {
                            "ami": "ami-cfe4b2b0",
                            "associate_public_ip_address": "true",
                            "availability_zone": "us-east-1a",
                            "cpu_core_count": "1",
                            "cpu_threads_per_core": "2",
                            "credit_specification.#": "1",
                            "credit_specification.0.cpu_credits": "standard",
                            "disable_api_termination": "false",
                            "ebs_block_device.#": "0",
                            "ebs_optimized": "false",
                            "ephemeral_block_device.#": "0",
                            "get_password_data": "false",
                            "iam_instance_profile": "",
                            "id": "i-0f6e3b49e85f5b32b",
                            "instance_state": "running",
                            "instance_type": "m5.large",
                            "ipv6_addresses.#": "0",
                            "key_name": "tf_key",
                            "monitoring": "false",
                            "network_interface.#": "0",
                            "network_interface_id": "eni-00e283b275a995233",
                            "password_data": "",
                            "placement_group": "",
                            "primary_network_interface_id": "eni-00e283b275a995233",
                            "private_dns": "ip-10-33-1-29.ec2.internal",
                            "private_ip": "10.33.1.29",
                            "public_dns": "",
                            "public_ip": "54.236.62.121",
                            "root_block_device.#": "1",
                            "root_block_device.0.delete_on_termination": "true",
                            "root_block_device.0.iops": "100",
                            "root_block_device.0.volume_id": "vol-076f91bea2e92534e",
                            "root_block_device.0.volume_size": "8",
                            "root_block_device.0.volume_type": "gp2",
                            "security_groups.#": "0",
                            "source_dest_check": "true",
                            "subnet_id": "subnet-093bfc7dc2b8ccc87",
                            "tags.%": "1",
                            "tags.Name": "tf_server-1",
                            "tenancy": "default",
                            "user_data": "df2b84a8477010484f996fde1fd7c5a26abefc37",
                            "volume_tags.%": "0",
                            "vpc_security_group_ids.#": "1",
                            "vpc_security_group_ids.2134522588": "sg-0618d1bdced001c8d"
                        },
                        "meta": {
                            "e2bfb730-ecaa-11e6-8f88-34363bc7c4c0": {
                                "create": 600000000000,
                                "delete": 1200000000000,
                                "update": 600000000000
                            },
                            "schema_version": "1"
                        },
                        "tainted": false
                    },
                    "deposed": [],
                    "provider": "provider.aws"
                },
                "aws_instance.tf_server.1": {
                    "type": "aws_instance",
                    "depends_on": [
                        "aws_key_pair.tf_auth",
                        "data.aws_ami.server_ami",
                        "data.template_file.user-init.*"
                    ],
                    "primary": {
                        "id": "i-0f0dc049d38694aec",
                        "attributes": {
                            "ami": "ami-cfe4b2b0",
                            "associate_public_ip_address": "true",
                            "availability_zone": "us-east-1b",
                            "cpu_core_count": "1",
                            "cpu_threads_per_core": "2",
                            "credit_specification.#": "1",
                            "credit_specification.0.cpu_credits": "standard",
                            "disable_api_termination": "false",
                            "ebs_block_device.#": "0",
                            "ebs_optimized": "false",
                            "ephemeral_block_device.#": "0",
                            "get_password_data": "false",
                            "iam_instance_profile": "",
                            "id": "i-0f0dc049d38694aec",
                            "instance_state": "running",
                            "instance_type": "m5.large",
                            "ipv6_addresses.#": "0",
                            "key_name": "tf_key",
                            "monitoring": "false",
                            "network_interface.#": "0",
                            "network_interface_id": "eni-02411611ca0a610f5",
                            "password_data": "",
                            "placement_group": "",
                            "primary_network_interface_id": "eni-02411611ca0a610f5",
                            "private_dns": "ip-10-33-2-15.ec2.internal",
                            "private_ip": "10.33.2.15",
                            "public_dns": "",
                            "public_ip": "54.157.49.7",
                            "root_block_device.#": "1",
                            "root_block_device.0.delete_on_termination": "true",
                            "root_block_device.0.iops": "100",
                            "root_block_device.0.volume_id": "vol-0e96759c23317e4a7",
                            "root_block_device.0.volume_size": "8",
                            "root_block_device.0.volume_type": "gp2",
                            "security_groups.#": "0",
                            "source_dest_check": "true",
                            "subnet_id": "subnet-0fa34fadc9876526b",
                            "tags.%": "1",
                            "tags.Name": "tf_server-2",
                            "tenancy": "default",
                            "user_data": "df2b84a8477010484f996fde1fd7c5a26abefc37",
                            "volume_tags.%": "0",
                            "vpc_security_group_ids.#": "1",
                            "vpc_security_group_ids.2134522588": "sg-0618d1bdced001c8d"
                        },
                        "meta": {
                            "e2bfb730-ecaa-11e6-8f88-34363bc7c4c0": {
                                "create": 600000000000,
                                "delete": 1200000000000,
                                "update": 600000000000
                            },
                            "schema_version": "1"
                        },
                        "tainted": false
                    },
                    "deposed": [],
                    "provider": "provider.aws"
                },
                "aws_instance.tf_server.2": {
                    "type": "aws_instance",
                    "depends_on": [
                        "aws_key_pair.tf_auth",
                        "data.aws_ami.server_ami",
                        "data.template_file.user-init.*"
                    ],
                    "primary": {
                        "id": "i-06e278b0734731a15",
                        "attributes": {
                            "ami": "ami-cfe4b2b0",
                            "associate_public_ip_address": "true",
                            "availability_zone": "us-east-1c",
                            "cpu_core_count": "1",
                            "cpu_threads_per_core": "2",
                            "credit_specification.#": "1",
                            "credit_specification.0.cpu_credits": "standard",
                            "disable_api_termination": "false",
                            "ebs_block_device.#": "0",
                            "ebs_optimized": "false",
                            "ephemeral_block_device.#": "0",
                            "get_password_data": "false",
                            "iam_instance_profile": "",
                            "id": "i-06e278b0734731a15",
                            "instance_state": "running",
                            "instance_type": "m5.large",
                            "ipv6_addresses.#": "0",
                            "key_name": "tf_key",
                            "monitoring": "false",
                            "network_interface.#": "0",
                            "network_interface_id": "eni-03187f98eff293149",
                            "password_data": "",
                            "placement_group": "",
                            "primary_network_interface_id": "eni-03187f98eff293149",
                            "private_dns": "ip-10-33-3-200.ec2.internal",
                            "private_ip": "10.33.3.200",
                            "public_dns": "",
                            "public_ip": "34.201.119.178",
                            "root_block_device.#": "1",
                            "root_block_device.0.delete_on_termination": "true",
                            "root_block_device.0.iops": "100",
                            "root_block_device.0.volume_id": "vol-0cb645dbc091632f6",
                            "root_block_device.0.volume_size": "8",
                            "root_block_device.0.volume_type": "gp2",
                            "security_groups.#": "0",
                            "source_dest_check": "true",
                            "subnet_id": "subnet-0c5b2c1eb15eff6cd",
                            "tags.%": "1",
                            "tags.Name": "tf_server-3",
                            "tenancy": "default",
                            "user_data": "df2b84a8477010484f996fde1fd7c5a26abefc37",
                            "volume_tags.%": "0",
                            "vpc_security_group_ids.#": "1",
                            "vpc_security_group_ids.2134522588": "sg-0618d1bdced001c8d"
                        },
                        "meta": {
                            "e2bfb730-ecaa-11e6-8f88-34363bc7c4c0": {
                                "create": 600000000000,
                                "delete": 1200000000000,
                                "update": 600000000000
                            },
                            "schema_version": "1"
                        },
                        "tainted": false
                    },
                    "deposed": [],
                    "provider": "provider.aws"
                },
                "aws_key_pair.tf_auth": {
                    "type": "aws_key_pair",
                    "depends_on": [],
                    "primary": {
                        "id": "tf_key",
                        "attributes": {
                            "id": "tf_key",
                            "key_name": "tf_key",
                            "public_key": "ssh-rsa AAAAB3NzaC1yc2EAAAADAQABAAABAQDiim91NX6Y5GkzqMqLMe2G9BseEd9TCS/dCQdBYLM9aZViHINJp+FZC4DS3dx8cqrYn88d9OE7HdlRbZU4sxe2/4a9u7fMW3AEJU8tF/XuT1radXWktSwqtlrQyfklf/lZc/DaUEEJlOvbtcHgHHiGzJOqKiFVYY/nWxoc3NwcTSnmfjP6oTlknVHW/O8S33oxV4zQ0bCSo4mVdivA+hQ5RHcr0+yFUZo/NbNssMSMPmdk83t/9n1XkFMZhU0nAzunrdMgSUCtZfA76HFzOC/3dxh0VDB9O5THmNxsj84kNUL6voFem1BNNdTszFVL9hd5p438p08/au8d95udMu+z ec2-user@ip-172-31-45-15"
                        },
                        "meta": {
                            "schema_version": "1"
                        },
                        "tainted": false
                    },
                    "deposed": [],
                    "provider": "provider.aws"
                },
                "data.aws_ami.server_ami": {
                    "type": "aws_ami",
                    "depends_on": [],
                    "primary": {
                        "id": "ami-cfe4b2b0",
                        "attributes": {
                            "architecture": "x86_64",
                            "block_device_mappings.#": "1",
                            "block_device_mappings.340275815.device_name": "/dev/xvda",
                            "block_device_mappings.340275815.ebs.%": "6",
                            "block_device_mappings.340275815.ebs.delete_on_termination": "true",
                            "block_device_mappings.340275815.ebs.encrypted": "false",
                            "block_device_mappings.340275815.ebs.iops": "0",
                            "block_device_mappings.340275815.ebs.snapshot_id": "snap-07ad5635357af8b3e",
                            "block_device_mappings.340275815.ebs.volume_size": "8",
                            "block_device_mappings.340275815.ebs.volume_type": "gp2",
                            "block_device_mappings.340275815.no_device": "",
                            "block_device_mappings.340275815.virtual_name": "",
                            "creation_date": "2018-06-22T22:26:53.000Z",
                            "description": "Amazon Linux AMI 2018.03.0.20180622 x86_64 HVM GP2",
                            "filter.#": "2",
                            "filter.2898439165.name": "name",
                            "filter.2898439165.values.#": "1",
                            "filter.2898439165.values.0": "amzn-ami-hvm*-x86_64-gp2",
                            "filter.574890044.name": "owner-alias",
                            "filter.574890044.values.#": "1",
                            "filter.574890044.values.0": "amazon",
                            "hypervisor": "xen",
                            "id": "ami-cfe4b2b0",
                            "image_id": "ami-cfe4b2b0",
                            "image_location": "amazon/amzn-ami-hvm-2018.03.0.20180622-x86_64-gp2",
                            "image_owner_alias": "amazon",
                            "image_type": "machine",
                            "most_recent": "true",
                            "name": "amzn-ami-hvm-2018.03.0.20180622-x86_64-gp2",
                            "owner_id": "137112412989",
                            "product_codes.#": "0",
                            "public": "true",
                            "root_device_name": "/dev/xvda",
                            "root_device_type": "ebs",
                            "root_snapshot_id": "snap-07ad5635357af8b3e",
                            "sriov_net_support": "simple",
                            "state": "available",
                            "state_reason.%": "2",
                            "state_reason.code": "UNSET",
                            "state_reason.message": "UNSET",
                            "tags.%": "0",
                            "virtualization_type": "hvm"
                        },
                        "meta": {},
                        "tainted": false
                    },
                    "deposed": [],
                    "provider": "provider.aws"
                },
                "data.template_file.user-init.0": {
                    "type": "template_file",
                    "depends_on": [],
                    "primary": {
                        "id": "f8ab74d46a1b402a201fa4eba9d2973a269727a732b19937dd6055a3b1ca9afe",
                        "attributes": {
                            "id": "f8ab74d46a1b402a201fa4eba9d2973a269727a732b19937dd6055a3b1ca9afe",
                            "rendered": "#!/bin/bash\nyum install -y httpd\necho \"Subnet for firewall: $element(var.subnet_ips, count.index)}\" \u003e\u003e /var/www/html/index.html\nservice httpd start\nchkconfig httpd on",
                            "template": "#!/bin/bash\nyum install -y httpd\necho \"Subnet for firewall: ${firewall_subnets}\" \u003e\u003e /var/www/html/index.html\nservice httpd start\nchkconfig httpd on",
                            "vars.%": "1",
                            "vars.firewall_subnets": "$element(var.subnet_ips, count.index)}"
                        },
                        "meta": {},
                        "tainted": false
                    },
                    "deposed": [],
                    "provider": "provider.template"
                },
                "data.template_file.user-init.1": {
                    "type": "template_file",
                    "depends_on": [],
                    "primary": {
                        "id": "f8ab74d46a1b402a201fa4eba9d2973a269727a732b19937dd6055a3b1ca9afe",
                        "attributes": {
                            "id": "f8ab74d46a1b402a201fa4eba9d2973a269727a732b19937dd6055a3b1ca9afe",
                            "rendered": "#!/bin/bash\nyum install -y httpd\necho \"Subnet for firewall: $element(var.subnet_ips, count.index)}\" \u003e\u003e /var/www/html/index.html\nservice httpd start\nchkconfig httpd on",
                            "template": "#!/bin/bash\nyum install -y httpd\necho \"Subnet for firewall: ${firewall_subnets}\" \u003e\u003e /var/www/html/index.html\nservice httpd start\nchkconfig httpd on",
                            "vars.%": "1",
                            "vars.firewall_subnets": "$element(var.subnet_ips, count.index)}"
                        },
                        "meta": {},
                        "tainted": false
                    },
                    "deposed": [],
                    "provider": "provider.template"
                },
                "data.template_file.user-init.2": {
                    "type": "template_file",
                    "depends_on": [],
                    "primary": {
                        "id": "f8ab74d46a1b402a201fa4eba9d2973a269727a732b19937dd6055a3b1ca9afe",
                        "attributes": {
                            "id": "f8ab74d46a1b402a201fa4eba9d2973a269727a732b19937dd6055a3b1ca9afe",
                            "rendered": "#!/bin/bash\nyum install -y httpd\necho \"Subnet for firewall: $element(var.subnet_ips, count.index)}\" \u003e\u003e /var/www/html/index.html\nservice httpd start\nchkconfig httpd on",
                            "template": "#!/bin/bash\nyum install -y httpd\necho \"Subnet for firewall: ${firewall_subnets}\" \u003e\u003e /var/www/html/index.html\nservice httpd start\nchkconfig httpd on",
                            "vars.%": "1",
                            "vars.firewall_subnets": "$element(var.subnet_ips, count.index)}"
                        },
                        "meta": {},
                        "tainted": false
                    },
                    "deposed": [],
                    "provider": "provider.template"
                }
            },
            "depends_on": []
        },
        {
            "path": [
                "root",
                "networking"
            ],
            "outputs": {
                "public_sg": {
                    "sensitive": false,
                    "type": "string",
                    "value": "sg-0618d1bdced001c8d"
                },
                "public_subnets": {
                    "sensitive": false,
                    "type": "list",
                    "value": [
                        "subnet-093bfc7dc2b8ccc87",
                        "subnet-0fa34fadc9876526b",
                        "subnet-0c5b2c1eb15eff6cd"
                    ]
                },
                "subnet_ips": {
                    "sensitive": false,
                    "type": "list",
                    "value": [
                        "10.33.1.0/24",
                        "10.33.2.0/24",
                        "10.33.3.0/24"
                    ]
                }
            },
            "resources": {
                "aws_internet_gateway.tf_internet_gateway": {
                    "type": "aws_internet_gateway",
                    "depends_on": [
                        "aws_vpc.tf_vpc"
                    ],
                    "primary": {
                        "id": "igw-04e0aacc484158812",
                        "attributes": {
                            "id": "igw-04e0aacc484158812",
                            "tags.%": "1",
                            "tags.Name": "tf_igw",
                            "vpc_id": "vpc-0c4427f16cd0eb4d9"
                        },
                        "meta": {},
                        "tainted": false
                    },
                    "deposed": [],
                    "provider": "provider.aws"
                },
                "aws_route_table.tf_public_rt": {
                    "type": "aws_route_table",
                    "depends_on": [
                        "aws_internet_gateway.tf_internet_gateway",
                        "aws_vpc.tf_vpc"
                    ],
                    "primary": {
                        "id": "rtb-0f1e6562a4abdf672",
                        "attributes": {
                            "id": "rtb-0f1e6562a4abdf672",
                            "propagating_vgws.#": "0",
                            "route.#": "1",
                            "route.2097001052.cidr_block": "0.0.0.0/0",
                            "route.2097001052.egress_only_gateway_id": "",
                            "route.2097001052.gateway_id": "igw-04e0aacc484158812",
                            "route.2097001052.instance_id": "",
                            "route.2097001052.ipv6_cidr_block": "",
                            "route.2097001052.nat_gateway_id": "",
                            "route.2097001052.network_interface_id": "",
                            "route.2097001052.vpc_peering_connection_id": "",
                            "tags.%": "1",
                            "tags.Name": "tf_public",
                            "vpc_id": "vpc-0c4427f16cd0eb4d9"
                        },
                        "meta": {},
                        "tainted": false
                    },
                    "deposed": [],
                    "provider": "provider.aws"
                },
                "aws_route_table_association.tf_public_assoc.0": {
                    "type": "aws_route_table_association",
                    "depends_on": [
                        "aws_route_table.tf_public_rt",
                        "aws_subnet.tf_public_subnet",
                        "aws_subnet.tf_public_subnet.*"
                    ],
                    "primary": {
                        "id": "rtbassoc-0ab4d025a1f632685",
                        "attributes": {
                            "id": "rtbassoc-0ab4d025a1f632685",
                            "route_table_id": "rtb-0f1e6562a4abdf672",
                            "subnet_id": "subnet-093bfc7dc2b8ccc87"
                        },
                        "meta": {},
                        "tainted": false
                    },
                    "deposed": [],
                    "provider": "provider.aws"
                },
                "aws_route_table_association.tf_public_assoc.1": {
                    "type": "aws_route_table_association",
                    "depends_on": [
                        "aws_route_table.tf_public_rt",
                        "aws_subnet.tf_public_subnet",
                        "aws_subnet.tf_public_subnet.*"
                    ],
                    "primary": {
                        "id": "rtbassoc-0de6111aa137b9420",
                        "attributes": {
                            "id": "rtbassoc-0de6111aa137b9420",
                            "route_table_id": "rtb-0f1e6562a4abdf672",
                            "subnet_id": "subnet-0fa34fadc9876526b"
                        },
                        "meta": {},
                        "tainted": false
                    },
                    "deposed": [],
                    "provider": "provider.aws"
                },
                "aws_route_table_association.tf_public_assoc.2": {
                    "type": "aws_route_table_association",
                    "depends_on": [
                        "aws_route_table.tf_public_rt",
                        "aws_subnet.tf_public_subnet",
                        "aws_subnet.tf_public_subnet.*"
                    ],
                    "primary": {
                        "id": "rtbassoc-0c5af9755791c1ed0",
                        "attributes": {
                            "id": "rtbassoc-0c5af9755791c1ed0",
                            "route_table_id": "rtb-0f1e6562a4abdf672",
                            "subnet_id": "subnet-0c5b2c1eb15eff6cd"
                        },
                        "meta": {},
                        "tainted": false
                    },
                    "deposed": [],
                    "provider": "provider.aws"
                },
                "aws_security_group.tf_public_sg": {
                    "type": "aws_security_group",
                    "depends_on": [
                        "aws_vpc.tf_vpc"
                    ],
                    "primary": {
                        "id": "sg-0618d1bdced001c8d",
                        "attributes": {
                            "arn": "arn:aws:ec2:us-east-1:880721455116:security-group/sg-0618d1bdced001c8d",
                            "description": "Used for access to the public instances",
                            "egress.#": "1",
                            "egress.482069346.cidr_blocks.#": "1",
                            "egress.482069346.cidr_blocks.0": "0.0.0.0/0",
                            "egress.482069346.description": "",
                            "egress.482069346.from_port": "0",
                            "egress.482069346.ipv6_cidr_blocks.#": "0",
                            "egress.482069346.prefix_list_ids.#": "0",
                            "egress.482069346.protocol": "-1",
                            "egress.482069346.security_groups.#": "0",
                            "egress.482069346.self": "false",
                            "egress.482069346.to_port": "0",
                            "id": "sg-0618d1bdced001c8d",
                            "ingress.#": "1",
                            "ingress.2214680975.cidr_blocks.#": "1",
                            "ingress.2214680975.cidr_blocks.0": "0.0.0.0/0",
                            "ingress.2214680975.description": "",
                            "ingress.2214680975.from_port": "80",
                            "ingress.2214680975.ipv6_cidr_blocks.#": "0",
                            "ingress.2214680975.protocol": "tcp",
                            "ingress.2214680975.security_groups.#": "0",
                            "ingress.2214680975.self": "false",
                            "ingress.2214680975.to_port": "80",
                            "name": "tf_public_sg",
                            "owner_id": "880721455116",
                            "revoke_rules_on_delete": "false",
                            "tags.%": "0",
                            "vpc_id": "vpc-0c4427f16cd0eb4d9"
                        },
                        "meta": {
                            "e2bfb730-ecaa-11e6-8f88-34363bc7c4c0": {
                                "create": 600000000000,
                                "delete": 600000000000
                            },
                            "schema_version": "1"
                        },
                        "tainted": false
                    },
                    "deposed": [],
                    "provider": "provider.aws"
                },
                "aws_subnet.tf_public_subnet.0": {
                    "type": "aws_subnet",
                    "depends_on": [
                        "aws_vpc.tf_vpc",
                        "data.aws_availability_zones.available"
                    ],
                    "primary": {
                        "id": "subnet-093bfc7dc2b8ccc87",
                        "attributes": {
                            "assign_ipv6_address_on_creation": "false",
                            "availability_zone": "us-east-1a",
                            "cidr_block": "10.33.1.0/24",
                            "id": "subnet-093bfc7dc2b8ccc87",
                            "map_public_ip_on_launch": "true",
                            "tags.%": "1",
                            "tags.Name": "tf.public_1",
                            "vpc_id": "vpc-0c4427f16cd0eb4d9"
                        },
                        "meta": {
                            "schema_version": "1"
                        },
                        "tainted": false
                    },
                    "deposed": [],
                    "provider": "provider.aws"
                },
                "aws_subnet.tf_public_subnet.1": {
                    "type": "aws_subnet",
                    "depends_on": [
                        "aws_vpc.tf_vpc",
                        "data.aws_availability_zones.available"
                    ],
                    "primary": {
                        "id": "subnet-0fa34fadc9876526b",
                        "attributes": {
                            "assign_ipv6_address_on_creation": "false",
                            "availability_zone": "us-east-1b",
                            "cidr_block": "10.33.2.0/24",
                            "id": "subnet-0fa34fadc9876526b",
                            "map_public_ip_on_launch": "true",
                            "tags.%": "1",
                            "tags.Name": "tf.public_2",
                            "vpc_id": "vpc-0c4427f16cd0eb4d9"
                        },
                        "meta": {
                            "schema_version": "1"
                        },
                        "tainted": false
                    },
                    "deposed": [],
                    "provider": "provider.aws"
                },
                "aws_subnet.tf_public_subnet.2": {
                    "type": "aws_subnet",
                    "depends_on": [
                        "aws_vpc.tf_vpc",
                        "data.aws_availability_zones.available"
                    ],
                    "primary": {
                        "id": "subnet-0c5b2c1eb15eff6cd",
                        "attributes": {
                            "assign_ipv6_address_on_creation": "false",
                            "availability_zone": "us-east-1c",
                            "cidr_block": "10.33.3.0/24",
                            "id": "subnet-0c5b2c1eb15eff6cd",
                            "map_public_ip_on_launch": "true",
                            "tags.%": "1",
                            "tags.Name": "tf.public_3",
                            "vpc_id": "vpc-0c4427f16cd0eb4d9"
                        },
                        "meta": {
                            "schema_version": "1"
                        },
                        "tainted": false
                    },
                    "deposed": [],
                    "provider": "provider.aws"
                },
                "aws_vpc.tf_vpc": {
                    "type": "aws_vpc",
                    "depends_on": [],
                    "primary": {
                        "id": "vpc-0c4427f16cd0eb4d9",
                        "attributes": {
                            "arn": "arn:aws:ec2:us-east-1:880721455116:vpc/vpc-0c4427f16cd0eb4d9",
                            "assign_generated_ipv6_cidr_block": "false",
                            "cidr_block": "10.33.0.0/16",
                            "default_network_acl_id": "acl-026f3c0c21e753d87",
                            "default_route_table_id": "rtb-0066cafca8481acf2",
                            "default_security_group_id": "sg-04a8ac074b46624a6",
                            "dhcp_options_id": "dopt-6d42780a",
                            "enable_classiclink": "false",
                            "enable_classiclink_dns_support": "false",
                            "enable_dns_hostnames": "false",
                            "enable_dns_support": "true",
                            "id": "vpc-0c4427f16cd0eb4d9",
                            "instance_tenancy": "default",
                            "main_route_table_id": "rtb-0066cafca8481acf2",
                            "tags.%": "1",
                            "tags.Name": "tf_vpc"
                        },
                        "meta": {
                            "schema_version": "1"
                        },
                        "tainted": false
                    },
                    "deposed": [],
                    "provider": "provider.aws"
                },
                "data.aws_availability_zones.available": {
                    "type": "aws_availability_zones",
                    "depends_on": [],
                    "primary": {
                        "id": "2018-08-09 08:00:48.757389005 +0000 UTC",
                        "attributes": {
                            "id": "2018-08-09 08:00:48.757389005 +0000 UTC",
                            "names.#": "6",
                            "names.0": "us-east-1a",
                            "names.1": "us-east-1b",
                            "names.2": "us-east-1c",
                            "names.3": "us-east-1d",
                            "names.4": "us-east-1e",
                            "names.5": "us-east-1f"
                        },
                        "meta": {},
                        "tainted": false
                    },
                    "deposed": [],
                    "provider": "provider.aws"
                }
            },
            "depends_on": []
        },
        {
            "path": [
                "root",
                "storage"
            ],
            "outputs": {
                "bucketname": {
                    "sensitive": false,
                    "type": "string",
                    "value": "mykdjasldkasj-kjdasdhakjssss333"
                }
            },
            "resources": {
                "aws_s3_bucket.b": {
                    "type": "aws_s3_bucket",
                    "depends_on": [],
                    "primary": {
                        "id": "mykdjasldkasj-kjdasdhakjssss333",
                        "attributes": {
                            "acceleration_status": "",
                            "acl": "private",
                            "arn": "arn:aws:s3:::mykdjasldkasj-kjdasdhakjssss333",
                            "bucket": "mykdjasldkasj-kjdasdhakjssss333",
                            "bucket_domain_name": "mykdjasldkasj-kjdasdhakjssss333.s3.amazonaws.com",
                            "bucket_regional_domain_name": "mykdjasldkasj-kjdasdhakjssss333.s3.amazonaws.com",
                            "cors_rule.#": "0",
                            "force_destroy": "false",
                            "hosted_zone_id": "Z3AQBSTGFYJSTF",
                            "id": "mykdjasldkasj-kjdasdhakjssss333",
                            "logging.#": "0",
                            "region": "us-east-1",
                            "replication_configuration.#": "0",
                            "request_payer": "BucketOwner",
                            "server_side_encryption_configuration.#": "0",
                            "tags.%": "2",
                            "tags.Environment": "Dev",
                            "tags.Name": "My bucket",
                            "versioning.#": "1",
                            "versioning.0.enabled": "false",
                            "versioning.0.mfa_delete": "false",
                            "website.#": "0"
                        },
                        "meta": {},
                        "tainted": false
                    },
                    "deposed": [],
                    "provider": "provider.aws"
                }
            },
            "depends_on": []
        }
    ]
}
