{
    "version": 3,
    "terraform_version": "0.11.3",
    "serial": 2,
    "lineage": "2f1e400e-f287-4d34-9e3d-4edaeccf7594",
    "modules": [
        {
            "path": [
                "root"
            ],
            "outputs": {},
            "resources": {
                "aws_internet_gateway.tf_internet_gateway": {
                    "type": "aws_internet_gateway",
                    "depends_on": [
                        "aws_vpc.tf_vpc"
                    ],
                    "primary": {
                        "id": "igw-043def7acbde4a379",
                        "attributes": {
                            "id": "igw-043def7acbde4a379",
                            "tags.%": "1",
                            "tags.Name": "tf_igw",
                            "vpc_id": "vpc-02333b2509dcf6cd9"
                        },
                        "meta": {},
                        "tainted": false
                    },
                    "deposed": [],
                    "provider": "provider.aws"
                },
                "aws_route_table.tf_public_rt": {
                    "type": "aws_route_table",
                    "depends_on": [
                        "aws_internet_gateway.tf_internet_gateway",
                        "aws_vpc.tf_vpc"
                    ],
                    "primary": {
                        "id": "rtb-07d237112d0818594",
                        "attributes": {
                            "id": "rtb-07d237112d0818594",
                            "propagating_vgws.#": "0",
                            "route.#": "1",
                            "route.202304640.cidr_block": "0.0.0.0/0",
                            "route.202304640.egress_only_gateway_id": "",
                            "route.202304640.gateway_id": "igw-043def7acbde4a379",
                            "route.202304640.instance_id": "",
                            "route.202304640.ipv6_cidr_block": "",
                            "route.202304640.nat_gateway_id": "",
                            "route.202304640.network_interface_id": "",
                            "route.202304640.vpc_peering_connection_id": "",
                            "tags.%": "1",
                            "tags.Name": "tf_public",
                            "vpc_id": "vpc-02333b2509dcf6cd9"
                        },
                        "meta": {},
                        "tainted": false
                    },
                    "deposed": [],
                    "provider": "provider.aws"
                },
                "aws_vpc.tf_vpc": {
                    "type": "aws_vpc",
                    "depends_on": [],
                    "primary": {
                        "id": "vpc-02333b2509dcf6cd9",
                        "attributes": {
                            "arn": "arn:aws:ec2:us-east-1:880721455116:vpc/vpc-02333b2509dcf6cd9",
                            "assign_generated_ipv6_cidr_block": "false",
                            "cidr_block": "10.33.0.0/16",
                            "default_network_acl_id": "acl-08c88a3e1a3700ef9",
                            "default_route_table_id": "rtb-06b475b3d52aa0b1a",
                            "default_security_group_id": "sg-0ccdcea91bd8a63d5",
                            "dhcp_options_id": "dopt-6d42780a",
                            "enable_classiclink": "false",
                            "enable_classiclink_dns_support": "false",
                            "enable_dns_hostnames": "false",
                            "enable_dns_support": "true",
                            "id": "vpc-02333b2509dcf6cd9",
                            "instance_tenancy": "default",
                            "main_route_table_id": "rtb-06b475b3d52aa0b1a",
                            "tags.%": "1",
                            "tags.Name": "tf_vpc"
                        },
                        "meta": {
                            "schema_version": "1"
                        },
                        "tainted": false
                    },
                    "deposed": [],
                    "provider": "provider.aws"
                },
                "data.aws_availability_zones.available": {
                    "type": "aws_availability_zones",
                    "depends_on": [],
                    "primary": {
                        "id": "2018-08-08 11:16:26.78202051 +0000 UTC",
                        "attributes": {
                            "id": "2018-08-08 11:16:26.78202051 +0000 UTC",
                            "names.#": "6",
                            "names.0": "us-east-1a",
                            "names.1": "us-east-1b",
                            "names.2": "us-east-1c",
                            "names.3": "us-east-1d",
                            "names.4": "us-east-1e",
                            "names.5": "us-east-1f"
                        },
                        "meta": {},
                        "tainted": false
                    },
                    "deposed": [],
                    "provider": "provider.aws"
                }
            },
            "depends_on": []
        }
    ]
}
